<Solution>
    <Folder Name="/src/">
        <Project Path="src/Buhlmann.Zhl16c/Buhlmann.Zhl16c.csproj" />
    </Folder>
    <Folder Name="/tests/">
        <Project Path="tests/Buhlmann.Zhl16c.Benchmarks/Buhlmann.Zhl16c.Benchmarks.csproj" />
        <Project Path="tests/Buhlmann.Zhl16c.Tests.Unit/Buhlmann.Zhl16c.Tests.Unit.csproj" />
    </Folder>
</Solution>
